
Microsoft Visual Studio Solution File, Format Version 12.00
# Visual Studio 14
VisualStudioVersion = 14.0.23107.0
MinimumVisualStudioVersion = 10.0.40219.1
Project("{FAE04EC0-301F-11D3-BF4B-00C04F79EFBC}") = "Tienda_Ropa", "Tienda_Ropa\Tienda_Ropa.csproj", "{C567FF22-4FA9-45D2-82DC-21665BC550E4}"
EndProject
Global
	GlobalSection(SolutionConfigurationPlatforms) = preSolution
		Debug|Any CPU = Debug|Any CPU
		Release|Any CPU = Release|Any CPU
	EndGlobalSection
	GlobalSection(ProjectConfigurationPlatforms) = postSolution
		{C567FF22-4FA9-45D2-82DC-21665BC550E4}.Debug|Any CPU.ActiveCfg = Debug|Any CPU
		{C567FF22-4FA9-45D2-82DC-21665BC550E4}.Debug|Any CPU.Build.0 = Debug|Any CPU
		{C567FF22-4FA9-45D2-82DC-21665BC550E4}.Release|Any CPU.ActiveCfg = Release|Any CPU
		{C567FF22-4FA9-45D2-82DC-21665BC550E4}.Release|Any CPU.Build.0 = Release|Any CPU
	EndGlobalSection
	GlobalSection(SolutionProperties) = preSolution
		HideSolutionNode = FALSE
	EndGlobalSection
EndGlobal
